// !$*UTF8*$!
{
	archiveVersion = 1;
	classes = {
	};
	objectVersion = 46;
	objects = {

/* Begin PBXBuildFile section */
		67235E56197A08240080074F /* myicon.png in Resources */ = {isa = PBXBuildFile; fileRef = 67235E55197A08240080074F /* myicon.png */; };
		67235E58197A082D0080074F /* loading.png in Resources */ = {isa = PBXBuildFile; fileRef = 67235E57197A082D0080074F /* loading.png */; };
		67410BB119592D84000AEAC7 /* AppDelegate.swift in Sources */ = {isa = PBXBuildFile; fileRef = 67410BB019592D84000AEAC7 /* AppDelegate.swift */; };
		67410BB319592D84000AEAC7 /* ViewController.swift in Sources */ = {isa = PBXBuildFile; fileRef = 67410BB219592D84000AEAC7 /* ViewController.swift */; };
		67410BB619592D85000AEAC7 /* Main.storyboard in Resources */ = {isa = PBXBuildFile; fileRef = 67410BB419592D85000AEAC7 /* Main.storyboard */; };
		67410BB819592D85000AEAC7 /* Images.xcassets in Resources */ = {isa = PBXBuildFile; fileRef = 67410BB719592D85000AEAC7 /* Images.xcassets */; };
		67410BC419592D85000AEAC7 /* warworldTests.swift in Sources */ = {isa = PBXBuildFile; fileRef = 67410BC319592D85000AEAC7 /* warworldTests.swift */; };
		67410BFC19592E31000AEAC7 /* 对战头像.png in Resources */ = {isa = PBXBuildFile; fileRef = 67410BCD19592E31000AEAC7 /* 对战头像.png */; };
		67410BFD19592E31000AEAC7 /* 对战背景05@2x.png in Resources */ = {isa = PBXBuildFile; fileRef = 67410BCE19592E31000AEAC7 /* 对战背景05@2x.png */; };
		67410BFE19592E31000AEAC7 /* 平时状态@2x.png in Resources */ = {isa = PBXBuildFile; fileRef = 67410BCF19592E31000AEAC7 /* 平时状态@2x.png */; };
		67410BFF19592E31000AEAC7 /* 平时状态点中@2x.png in Resources */ = {isa = PBXBuildFile; fileRef = 67410BD019592E31000AEAC7 /* 平时状态点中@2x.png */; };
		67410C0019592E31000AEAC7 /* 战报背景@2x.png in Resources */ = {isa = PBXBuildFile; fileRef = 67410BD119592E31000AEAC7 /* 战报背景@2x.png */; };
		67410C0119592E31000AEAC7 /* 答对@2x.png in Resources */ = {isa = PBXBuildFile; fileRef = 67410BD219592E31000AEAC7 /* 答对@2x.png */; };
		67410C0219592E31000AEAC7 /* 答错@2x.png in Resources */ = {isa = PBXBuildFile; fileRef = 67410BD319592E31000AEAC7 /* 答错@2x.png */; };
		67410C0319592E31000AEAC7 /* 表右边.png in Resources */ = {isa = PBXBuildFile; fileRef = 67410BD419592E31000AEAC7 /* 表右边.png */; };
		67410C0419592E31000AEAC7 /* 表右边@2x.png in Resources */ = {isa = PBXBuildFile; fileRef = 67410BD519592E31000AEAC7 /* 表右边@2x.png */; };
		67410C0519592E31000AEAC7 /* 表左边.png in Resources */ = {isa = PBXBuildFile; fileRef = 67410BD619592E31000AEAC7 /* 表左边.png */; };
		67410C0619592E31000AEAC7 /* 表左边@2x.png in Resources */ = {isa = PBXBuildFile; fileRef = 67410BD719592E31000AEAC7 /* 表左边@2x.png */; };
		67410C0719592E31000AEAC7 /* 表横条.png in Resources */ = {isa = PBXBuildFile; fileRef = 67410BD819592E31000AEAC7 /* 表横条.png */; };
		67410C0819592E31000AEAC7 /* mainBackGroud.png in Resources */ = {isa = PBXBuildFile; fileRef = 67410BD919592E31000AEAC7 /* mainBackGroud.png */; };
		67410C0919592E31000AEAC7 /* mainTag.png in Resources */ = {isa = PBXBuildFile; fileRef = 67410BDA19592E31000AEAC7 /* mainTag.png */; };
		67410C0A19592E31000AEAC7 /* shop.png in Resources */ = {isa = PBXBuildFile; fileRef = 67410BDB19592E31000AEAC7 /* shop.png */; };
		67410C0B19592E31000AEAC7 /* shop_light.png in Resources */ = {isa = PBXBuildFile; fileRef = 67410BDC19592E31000AEAC7 /* shop_light.png */; };
		67410C0C19592E31000AEAC7 /* tiku.png in Resources */ = {isa = PBXBuildFile; fileRef = 67410BDD19592E31000AEAC7 /* tiku.png */; };
		67410C0D19592E31000AEAC7 /* tiku_light.png in Resources */ = {isa = PBXBuildFile; fileRef = 67410BDE19592E31000AEAC7 /* tiku_light.png */; };
		67410C0E19592E31000AEAC7 /* 一战到底亮.png in Resources */ = {isa = PBXBuildFile; fileRef = 67410BDF19592E31000AEAC7 /* 一战到底亮.png */; };
		67410C0F19592E31000AEAC7 /* 一战到底暗.png in Resources */ = {isa = PBXBuildFile; fileRef = 67410BE019592E31000AEAC7 /* 一战到底暗.png */; };
		67410C1019592E31000AEAC7 /* 1.png in Resources */ = {isa = PBXBuildFile; fileRef = 67410BE119592E31000AEAC7 /* 1.png */; };
		67410C1119592E31000AEAC7 /* 10.png in Resources */ = {isa = PBXBuildFile; fileRef = 67410BE219592E31000AEAC7 /* 10.png */; };
		67410C1219592E31000AEAC7 /* 11.png in Resources */ = {isa = PBXBuildFile; fileRef = 67410BE319592E31000AEAC7 /* 11.png */; };
		67410C1319592E31000AEAC7 /* 12.png in Resources */ = {isa = PBXBuildFile; fileRef = 67410BE419592E31000AEAC7 /* 12.png */; };
		67410C1419592E31000AEAC7 /* 2.png in Resources */ = {isa = PBXBuildFile; fileRef = 67410BE519592E31000AEAC7 /* 2.png */; };
		67410C1519592E31000AEAC7 /* 3.png in Resources */ = {isa = PBXBuildFile; fileRef = 67410BE619592E31000AEAC7 /* 3.png */; };
		67410C1619592E31000AEAC7 /* 4.png in Resources */ = {isa = PBXBuildFile; fileRef = 67410BE719592E31000AEAC7 /* 4.png */; };
		67410C1719592E31000AEAC7 /* 5.png in Resources */ = {isa = PBXBuildFile; fileRef = 67410BE819592E31000AEAC7 /* 5.png */; };
		67410C1819592E31000AEAC7 /* 6.png in Resources */ = {isa = PBXBuildFile; fileRef = 67410BE919592E31000AEAC7 /* 6.png */; };
		67410C1919592E31000AEAC7 /* 7.png in Resources */ = {isa = PBXBuildFile; fileRef = 67410BEA19592E31000AEAC7 /* 7.png */; };
		67410C1A19592E31000AEAC7 /* 8.png in Resources */ = {isa = PBXBuildFile; fileRef = 67410BEB19592E31000AEAC7 /* 8.png */; };
		67410C1B19592E31000AEAC7 /* 9.png in Resources */ = {isa = PBXBuildFile; fileRef = 67410BEC19592E31000AEAC7 /* 9.png */; };
		67410C1C19592E31000AEAC7 /* left_arrow.png in Resources */ = {isa = PBXBuildFile; fileRef = 67410BED19592E31000AEAC7 /* left_arrow.png */; };
		67410C1D19592E31000AEAC7 /* Loadingold.png in Resources */ = {isa = PBXBuildFile; fileRef = 67410BEE19592E31000AEAC7 /* Loadingold.png */; };
		67410C1E19592E31000AEAC7 /* right_arrow.png in Resources */ = {isa = PBXBuildFile; fileRef = 67410BEF19592E31000AEAC7 /* right_arrow.png */; };
		67410C1F19592E31000AEAC7 /* suo_ding.png in Resources */ = {isa = PBXBuildFile; fileRef = 67410BF019592E31000AEAC7 /* suo_ding.png */; };
		67410C2019592E31000AEAC7 /* suo_kai.png in Resources */ = {isa = PBXBuildFile; fileRef = 67410BF119592E31000AEAC7 /* suo_kai.png */; };
		67410C2119592E31000AEAC7 /* 第1季@2x.png in Resources */ = {isa = PBXBuildFile; fileRef = 67410BF219592E31000AEAC7 /* 第1季@2x.png */; };
		67410C2219592E31000AEAC7 /* 第2季@2x.png in Resources */ = {isa = PBXBuildFile; fileRef = 67410BF319592E31000AEAC7 /* 第2季@2x.png */; };
		67410C2319592E31000AEAC7 /* 第3季@2x.png in Resources */ = {isa = PBXBuildFile; fileRef = 67410BF419592E31000AEAC7 /* 第3季@2x.png */; };
		67410C2419592E31000AEAC7 /* 第4季@2x.png in Resources */ = {isa = PBXBuildFile; fileRef = 67410BF519592E31000AEAC7 /* 第4季@2x.png */; };
		67410C2519592E31000AEAC7 /* 第5季@2x.png in Resources */ = {isa = PBXBuildFile; fileRef = 67410BF619592E31000AEAC7 /* 第5季@2x.png */; };
		67410C2619592E31000AEAC7 /* 第6季@2x.png in Resources */ = {isa = PBXBuildFile; fileRef = 67410BF719592E31000AEAC7 /* 第6季@2x.png */; };
		67410C2719592E31000AEAC7 /* 更新标记@2x.png in Resources */ = {isa = PBXBuildFile; fileRef = 67410BF819592E31000AEAC7 /* 更新标记@2x.png */; };
		67410C2819592E31000AEAC7 /* 月份背景.jpg in Resources */ = {isa = PBXBuildFile; fileRef = 67410BF919592E31000AEAC7 /* 月份背景.jpg */; };
		67410C2919592E31000AEAC7 /* Default2@2x.png in Resources */ = {isa = PBXBuildFile; fileRef = 67410BFA19592E31000AEAC7 /* Default2@2x.png */; };
		67410C2A19592E31000AEAC7 /* icon.png in Resources */ = {isa = PBXBuildFile; fileRef = 67410BFB19592E31000AEAC7 /* icon.png */; };
		67410C2C19593EAB000AEAC7 /* ChooseViewController.swift in Sources */ = {isa = PBXBuildFile; fileRef = 67410C2B19593EAB000AEAC7 /* ChooseViewController.swift */; };
		67410C3019593FF0000AEAC7 /* AnswerViewController.swift in Sources */ = {isa = PBXBuildFile; fileRef = 67410C2F19593FF0000AEAC7 /* AnswerViewController.swift */; };
		67410C32195BBF2E000AEAC7 /* ResultViewController.swift in Sources */ = {isa = PBXBuildFile; fileRef = 67410C31195BBF2E000AEAC7 /* ResultViewController.swift */; };
/* End PBXBuildFile section */

/* Begin PBXContainerItemProxy section */
		67410BBE19592D85000AEAC7 /* PBXContainerItemProxy */ = {
			isa = PBXContainerItemProxy;
			containerPortal = 67410BA319592D84000AEAC7 /* Project object */;
			proxyType = 1;
			remoteGlobalIDString = 67410BAA19592D84000AEAC7;
			remoteInfo = warworld;
		};
/* End PBXContainerItemProxy section */

/* Begin PBXFileReference section */
		67235E55197A08240080074F /* myicon.png */ = {isa = PBXFileReference; lastKnownFileType = image.png; path = myicon.png; sourceTree = "<group>"; };
		67235E57197A082D0080074F /* loading.png */ = {isa = PBXFileReference; lastKnownFileType = image.png; path = loading.png; sourceTree = "<group>"; };
		67410BAB19592D84000AEAC7 /* warworld.app */ = {isa = PBXFileReference; explicitFileType = wrapper.application; includeInIndex = 0; path = warworld.app; sourceTree = BUILT_PRODUCTS_DIR; };
		67410BAF19592D84000AEAC7 /* Info.plist */ = {isa = PBXFileReference; lastKnownFileType = text.plist.xml; path = Info.plist; sourceTree = "<group>"; };
		67410BB019592D84000AEAC7 /* AppDelegate.swift */ = {isa = PBXFileReference; lastKnownFileType = sourcecode.swift; path = AppDelegate.swift; sourceTree = "<group>"; };
		67410BB219592D84000AEAC7 /* ViewController.swift */ = {isa = PBXFileReference; lastKnownFileType = sourcecode.swift; path = ViewController.swift; sourceTree = "<group>"; };
		67410BB519592D85000AEAC7 /* Base */ = {isa = PBXFileReference; lastKnownFileType = file.storyboard; name = Base; path = Base.lproj/Main.storyboard; sourceTree = "<group>"; };
		67410BB719592D85000AEAC7 /* Images.xcassets */ = {isa = PBXFileReference; lastKnownFileType = folder.assetcatalog; path = Images.xcassets; sourceTree = "<group>"; };
		67410BBD19592D85000AEAC7 /* warworldTests.xctest */ = {isa = PBXFileReference; explicitFileType = wrapper.cfbundle; includeInIndex = 0; path = warworldTests.xctest; sourceTree = BUILT_PRODUCTS_DIR; };
		67410BC219592D85000AEAC7 /* Info.plist */ = {isa = PBXFileReference; lastKnownFileType = text.plist.xml; path = Info.plist; sourceTree = "<group>"; };
		67410BC319592D85000AEAC7 /* warworldTests.swift */ = {isa = PBXFileReference; lastKnownFileType = sourcecode.swift; path = warworldTests.swift; sourceTree = "<group>"; };
		67410BCD19592E31000AEAC7 /* 对战头像.png */ = {isa = PBXFileReference; lastKnownFileType = image.png; path = "对战头像.png"; sourceTree = "<group>"; };
		67410BCE19592E31000AEAC7 /* 对战背景05@2x.png */ = {isa = PBXFileReference; lastKnownFileType = image.png; path = "对战背景05@2x.png"; sourceTree = "<group>"; };
		67410BCF19592E31000AEAC7 /* 平时状态@2x.png */ = {isa = PBXFileReference; lastKnownFileType = image.png; path = "平时状态@2x.png"; sourceTree = "<group>"; };
		67410BD019592E31000AEAC7 /* 平时状态点中@2x.png */ = {isa = PBXFileReference; lastKnownFileType = image.png; path = "平时状态点中@2x.png"; sourceTree = "<group>"; };
		67410BD119592E31000AEAC7 /* 战报背景@2x.png */ = {isa = PBXFileReference; lastKnownFileType = image.png; path = "战报背景@2x.png"; sourceTree = "<group>"; };
		67410BD219592E31000AEAC7 /* 答对@2x.png */ = {isa = PBXFileReference; lastKnownFileType = image.png; path = "答对@2x.png"; sourceTree = "<group>"; };
		67410BD319592E31000AEAC7 /* 答错@2x.png */ = {isa = PBXFileReference; lastKnownFileType = image.png; path = "答错@2x.png"; sourceTree = "<group>"; };
		67410BD419592E31000AEAC7 /* 表右边.png */ = {isa = PBXFileReference; lastKnownFileType = image.png; path = "表右边.png"; sourceTree = "<group>"; };
		67410BD519592E31000AEAC7 /* 表右边@2x.png */ = {isa = PBXFileReference; lastKnownFileType = image.png; path = "表右边@2x.png"; sourceTree = "<group>"; };
		67410BD619592E31000AEAC7 /* 表左边.png */ = {isa = PBXFileReference; lastKnownFileType = image.png; path = "表左边.png"; sourceTree = "<group>"; };
		67410BD719592E31000AEAC7 /* 表左边@2x.png */ = {isa = PBXFileReference; lastKnownFileType = image.png; path = "表左边@2x.png"; sourceTree = "<group>"; };
		67410BD819592E31000AEAC7 /* 表横条.png */ = {isa = PBXFileReference; lastKnownFileType = image.png; path = "表横条.png"; sourceTree = "<group>"; };
		67410BD919592E31000AEAC7 /* mainBackGroud.png */ = {isa = PBXFileReference; lastKnownFileType = image.png; path = mainBackGroud.png; sourceTree = "<group>"; };
		67410BDA19592E31000AEAC7 /* mainTag.png */ = {isa = PBXFileReference; lastKnownFileType = image.png; path = mainTag.png; sourceTree = "<group>"; };
		67410BDB19592E31000AEAC7 /* shop.png */ = {isa = PBXFileReference; lastKnownFileType = image.png; path = shop.png; sourceTree = "<group>"; };
		67410BDC19592E31000AEAC7 /* shop_light.png */ = {isa = PBXFileReference; lastKnownFileType = image.png; path = shop_light.png; sourceTree = "<group>"; };
		67410BDD19592E31000AEAC7 /* tiku.png */ = {isa = PBXFileReference; lastKnownFileType = image.png; path = tiku.png; sourceTree = "<group>"; };
		67410BDE19592E31000AEAC7 /* tiku_light.png */ = {isa = PBXFileReference; lastKnownFileType = image.png; path = tiku_light.png; sourceTree = "<group>"; };
		67410BDF19592E31000AEAC7 /* 一战到底亮.png */ = {isa = PBXFileReference; lastKnownFileType = image.png; path = "一战到底亮.png"; sourceTree = "<group>"; };
		67410BE019592E31000AEAC7 /* 一战到底暗.png */ = {isa = PBXFileReference; lastKnownFileType = image.png; path = "一战到底暗.png"; sourceTree = "<group>"; };
		67410BE119592E31000AEAC7 /* 1.png */ = {isa = PBXFileReference; lastKnownFileType = image.png; path = 1.png; sourceTree = "<group>"; };
		67410BE219592E31000AEAC7 /* 10.png */ = {isa = PBXFileReference; lastKnownFileType = image.png; path = 10.png; sourceTree = "<group>"; };
		67410BE319592E31000AEAC7 /* 11.png */ = {isa = PBXFileReference; lastKnownFileType = image.png; path = 11.png; sourceTree = "<group>"; };
		67410BE419592E31000AEAC7 /* 12.png */ = {isa = PBXFileReference; lastKnownFileType = image.png; path = 12.png; sourceTree = "<group>"; };
		67410BE519592E31000AEAC7 /* 2.png */ = {isa = PBXFileReference; lastKnownFileType = image.png; path = 2.png; sourceTree = "<group>"; };
		67410BE619592E31000AEAC7 /* 3.png */ = {isa = PBXFileReference; lastKnownFileType = image.png; path = 3.png; sourceTree = "<group>"; };
		67410BE719592E31000AEAC7 /* 4.png */ = {isa = PBXFileReference; lastKnownFileType = image.png; path = 4.png; sourceTree = "<group>"; };
		67410BE819592E31000AEAC7 /* 5.png */ = {isa = PBXFileReference; lastKnownFileType = image.png; path = 5.png; sourceTree = "<group>"; };
		67410BE919592E31000AEAC7 /* 6.png */ = {isa = PBXFileReference; lastKnownFileType = image.png; path = 6.png; sourceTree = "<group>"; };
		67410BEA19592E31000AEAC7 /* 7.png */ = {isa = PBXFileReference; lastKnownFileType = image.png; path = 7.png; sourceTree = "<group>"; };
		67410BEB19592E31000AEAC7 /* 8.png */ = {isa = PBXFileReference; lastKnownFileType = image.png; path = 8.png; sourceTree = "<group>"; };
		67410BEC19592E31000AEAC7 /* 9.png */ = {isa = PBXFileReference; lastKnownFileType = image.png; path = 9.png; sourceTree = "<group>"; };
		67410BED19592E31000AEAC7 /* left_arrow.png */ = {isa = PBXFileReference; lastKnownFileType = image.png; path = left_arrow.png; sourceTree = "<group>"; };
		67410BEE19592E31000AEAC7 /* Loadingold.png */ = {isa = PBXFileReference; lastKnownFileType = image.png; path = Loadingold.png; sourceTree = "<group>"; };
		67410BEF19592E31000AEAC7 /* right_arrow.png */ = {isa = PBXFileReference; lastKnownFileType = image.png; path = right_arrow.png; sourceTree = "<group>"; };
		67410BF019592E31000AEAC7 /* suo_ding.png */ = {isa = PBXFileReference; lastKnownFileType = image.png; path = suo_ding.png; sourceTree = "<group>"; };
		67410BF119592E31000AEAC7 /* suo_kai.png */ = {isa = PBXFileReference; lastKnownFileType = image.png; path = suo_kai.png; sourceTree = "<group>"; };
		67410BF219592E31000AEAC7 /* 第1季@2x.png */ = {isa = PBXFileReference; lastKnownFileType = image.png; path = "第1季@2x.png"; sourceTree = "<group>"; };
		67410BF319592E31000AEAC7 /* 第2季@2x.png */ = {isa = PBXFileReference; lastKnownFileType = image.png; path = "第2季@2x.png"; sourceTree = "<group>"; };
		67410BF419592E31000AEAC7 /* 第3季@2x.png */ = {isa = PBXFileReference; lastKnownFileType = image.png; path = "第3季@2x.png"; sourceTree = "<group>"; };
		67410BF519592E31000AEAC7 /* 第4季@2x.png */ = {isa = PBXFileReference; lastKnownFileType = image.png; path = "第4季@2x.png"; sourceTree = "<group>"; };
		67410BF619592E31000AEAC7 /* 第5季@2x.png */ = {isa = PBXFileReference; lastKnownFileType = image.png; path = "第5季@2x.png"; sourceTree = "<group>"; };
		67410BF719592E31000AEAC7 /* 第6季@2x.png */ = {isa = PBXFileReference; lastKnownFileType = image.png; path = "第6季@2x.png"; sourceTree = "<group>"; };
		67410BF819592E31000AEAC7 /* 更新标记@2x.png */ = {isa = PBXFileReference; lastKnownFileType = image.png; path = "更新标记@2x.png"; sourceTree = "<group>"; };
		67410BF919592E31000AEAC7 /* 月份背景.jpg */ = {isa = PBXFileReference; lastKnownFileType = image.jpeg; path = "月份背景.jpg"; sourceTree = "<group>"; };
		67410BFA19592E31000AEAC7 /* Default2@2x.png */ = {isa = PBXFileReference; lastKnownFileType = image.png; path = "Default2@2x.png"; sourceTree = "<group>"; };
		67410BFB19592E31000AEAC7 /* icon.png */ = {isa = PBXFileReference; lastKnownFileType = image.png; path = icon.png; sourceTree = "<group>"; };
		67410C2B19593EAB000AEAC7 /* ChooseViewController.swift */ = {isa = PBXFileReference; fileEncoding = 4; lastKnownFileType = sourcecode.swift; path = ChooseViewController.swift; sourceTree = "<group>"; };
		67410C2F19593FF0000AEAC7 /* AnswerViewController.swift */ = {isa = PBXFileReference; fileEncoding = 4; lastKnownFileType = sourcecode.swift; path = AnswerViewController.swift; sourceTree = "<group>"; };
		67410C31195BBF2E000AEAC7 /* ResultViewController.swift */ = {isa = PBXFileReference; fileEncoding = 4; lastKnownFileType = sourcecode.swift; path = ResultViewController.swift; sourceTree = "<group>"; };
/* End PBXFileReference section */

/* Begin PBXFrameworksBuildPhase section */
		67410BA819592D84000AEAC7 /* Frameworks */ = {
			isa = PBXFrameworksBuildPhase;
			buildActionMask = 2147483647;
			files = (
			);
			runOnlyForDeploymentPostprocessing = 0;
		};
		67410BBA19592D85000AEAC7 /* Frameworks */ = {
			isa = PBXFrameworksBuildPhase;
			buildActionMask = 2147483647;
			files = (
			);
			runOnlyForDeploymentPostprocessing = 0;
		};
/* End PBXFrameworksBuildPhase section */

/* Begin PBXGroup section */
		67410BA219592D84000AEAC7 = {
			isa = PBXGroup;
			children = (
				67410BAD19592D84000AEAC7 /* warworld */,
				67410BC019592D85000AEAC7 /* warworldTests */,
				67410BAC19592D84000AEAC7 /* Products */,
			);
			sourceTree = "<group>";
		};
		67410BAC19592D84000AEAC7 /* Products */ = {
			isa = PBXGroup;
			children = (
				67410BAB19592D84000AEAC7 /* warworld.app */,
				67410BBD19592D85000AEAC7 /* warworldTests.xctest */,
			);
			name = Products;
			sourceTree = "<group>";
		};
		67410BAD19592D84000AEAC7 /* warworld */ = {
			isa = PBXGroup;
			children = (
				67410BB019592D84000AEAC7 /* AppDelegate.swift */,
				67410BB219592D84000AEAC7 /* ViewController.swift */,
				67410C2B19593EAB000AEAC7 /* ChooseViewController.swift */,
				67410C2F19593FF0000AEAC7 /* AnswerViewController.swift */,
				67410C31195BBF2E000AEAC7 /* ResultViewController.swift */,
				67410BB419592D85000AEAC7 /* Main.storyboard */,
				67410BB719592D85000AEAC7 /* Images.xcassets */,
				67235E55197A08240080074F /* myicon.png */,
				67235E57197A082D0080074F /* loading.png */,
				67410BCD19592E31000AEAC7 /* 对战头像.png */,
				67410BCE19592E31000AEAC7 /* 对战背景05@2x.png */,
				67410BCF19592E31000AEAC7 /* 平时状态@2x.png */,
				67410BD019592E31000AEAC7 /* 平时状态点中@2x.png */,
				67410BD119592E31000AEAC7 /* 战报背景@2x.png */,
				67410BD219592E31000AEAC7 /* 答对@2x.png */,
				67410BD319592E31000AEAC7 /* 答错@2x.png */,
				67410BD419592E31000AEAC7 /* 表右边.png */,
				67410BD519592E31000AEAC7 /* 表右边@2x.png */,
				67410BD619592E31000AEAC7 /* 表左边.png */,
				67410BD719592E31000AEAC7 /* 表左边@2x.png */,
				67410BD819592E31000AEAC7 /* 表横条.png */,
				67410BD919592E31000AEAC7 /* mainBackGroud.png */,
				67410BDA19592E31000AEAC7 /* mainTag.png */,
				67410BED19592E31000AEAC7 /* left_arrow.png */,
				67410BEF19592E31000AEAC7 /* right_arrow.png */,
				67410BF019592E31000AEAC7 /* suo_ding.png */,
				67410BF119592E31000AEAC7 /* suo_kai.png */,
				67410BF219592E31000AEAC7 /* 第1季@2x.png */,
				67410BF319592E31000AEAC7 /* 第2季@2x.png */,
				67410BF419592E31000AEAC7 /* 第3季@2x.png */,
				67410BF519592E31000AEAC7 /* 第4季@2x.png */,
				67410BF619592E31000AEAC7 /* 第5季@2x.png */,
				67410BF719592E31000AEAC7 /* 第6季@2x.png */,
				67410BDB19592E31000AEAC7 /* shop.png */,
				67410BDC19592E31000AEAC7 /* shop_light.png */,
				67410BDD19592E31000AEAC7 /* tiku.png */,
				67410BDE19592E31000AEAC7 /* tiku_light.png */,
				67410BDF19592E31000AEAC7 /* 一战到底亮.png */,
				67410BE019592E31000AEAC7 /* 一战到底暗.png */,
				67410BE119592E31000AEAC7 /* 1.png */,
				67410BE219592E31000AEAC7 /* 10.png */,
				67410BE319592E31000AEAC7 /* 11.png */,
				67410BE419592E31000AEAC7 /* 12.png */,
				67410BE519592E31000AEAC7 /* 2.png */,
				67410BE619592E31000AEAC7 /* 3.png */,
				67410BE719592E31000AEAC7 /* 4.png */,
				67410BE819592E31000AEAC7 /* 5.png */,
				67410BE919592E31000AEAC7 /* 6.png */,
				67410BEA19592E31000AEAC7 /* 7.png */,
				67410BEB19592E31000AEAC7 /* 8.png */,
				67410BEC19592E31000AEAC7 /* 9.png */,
				67410BEE19592E31000AEAC7 /* Loadingold.png */,
				67410BF819592E31000AEAC7 /* 更新标记@2x.png */,
				67410BF919592E31000AEAC7 /* 月份背景.jpg */,
				67410BFA19592E31000AEAC7 /* Default2@2x.png */,
				67410BFB19592E31000AEAC7 /* icon.png */,
				67410BAE19592D84000AEAC7 /* Supporting Files */,
			);
			path = warworld;
			sourceTree = "<group>";
		};
		67410BAE19592D84000AEAC7 /* Supporting Files */ = {
			isa = PBXGroup;
			children = (
				67410BAF19592D84000AEAC7 /* Info.plist */,
			);
			name = "Supporting Files";
			sourceTree = "<group>";
		};
		67410BC019592D85000AEAC7 /* warworldTests */ = {
			isa = PBXGroup;
			children = (
				67410BC319592D85000AEAC7 /* warworldTests.swift */,
				67410BC119592D85000AEAC7 /* Supporting Files */,
			);
			path = warworldTests;
			sourceTree = "<group>";
		};
		67410BC119592D85000AEAC7 /* Supporting Files */ = {
			isa = PBXGroup;
			children = (
				67410BC219592D85000AEAC7 /* Info.plist */,
			);
			name = "Supporting Files";
			sourceTree = "<group>";
		};
/* End PBXGroup section */

/* Begin PBXNativeTarget section */
		67410BAA19592D84000AEAC7 /* warworld */ = {
			isa = PBXNativeTarget;
			buildConfigurationList = 67410BC719592D85000AEAC7 /* Build configuration list for PBXNativeTarget "warworld" */;
			buildPhases = (
				67410BA719592D84000AEAC7 /* Sources */,
				67410BA819592D84000AEAC7 /* Frameworks */,
				67410BA919592D84000AEAC7 /* Resources */,
			);
			buildRules = (
			);
			dependencies = (
			);
			name = warworld;
			productName = warworld;
			productReference = 67410BAB19592D84000AEAC7 /* warworld.app */;
			productType = "com.apple.product-type.application";
		};
		67410BBC19592D85000AEAC7 /* warworldTests */ = {
			isa = PBXNativeTarget;
			buildConfigurationList = 67410BCA19592D85000AEAC7 /* Build configuration list for PBXNativeTarget "warworldTests" */;
			buildPhases = (
				67410BB919592D85000AEAC7 /* Sources */,
				67410BBA19592D85000AEAC7 /* Frameworks */,
				67410BBB19592D85000AEAC7 /* Resources */,
			);
			buildRules = (
			);
			dependencies = (
				67410BBF19592D85000AEAC7 /* PBXTargetDependency */,
			);
			name = warworldTests;
			productName = warworldTests;
			productReference = 67410BBD19592D85000AEAC7 /* warworldTests.xctest */;
			productType = "com.apple.product-type.bundle.unit-test";
		};
/* End PBXNativeTarget section */

/* Begin PBXProject section */
		67410BA319592D84000AEAC7 /* Project object */ = {
			isa = PBXProject;
			attributes = {
				LastSwiftMigration = 0700;
				LastSwiftUpdateCheck = 0700;
				LastUpgradeCheck = 0700;
				ORGANIZATIONNAME = "郑赟";
				TargetAttributes = {
					67410BAA19592D84000AEAC7 = {
						CreatedOnToolsVersion = 6.0;
					};
					67410BBC19592D85000AEAC7 = {
						CreatedOnToolsVersion = 6.0;
						TestTargetID = 67410BAA19592D84000AEAC7;
					};
				};
			};
			buildConfigurationList = 67410BA619592D84000AEAC7 /* Build configuration list for PBXProject "warworld" */;
			compatibilityVersion = "Xcode 3.2";
			developmentRegion = English;
			hasScannedForEncodings = 0;
			knownRegions = (
				en,
				Base,
			);
			mainGroup = 67410BA219592D84000AEAC7;
			productRefGroup = 67410BAC19592D84000AEAC7 /* Products */;
			projectDirPath = "";
			projectRoot = "";
			targets = (
				67410BAA19592D84000AEAC7 /* warworld */,
				67410BBC19592D85000AEAC7 /* warworldTests */,
			);
		};
/* End PBXProject section */

/* Begin PBXResourcesBuildPhase section */
		67410BA919592D84000AEAC7 /* Resources */ = {
			isa = PBXResourcesBuildPhase;
			buildActionMask = 2147483647;
			files = (
				67410C2919592E31000AEAC7 /* Default2@2x.png in Resources */,
				67410C2A19592E31000AEAC7 /* icon.png in Resources */,
				67410C1A19592E31000AEAC7 /* 8.png in Resources */,
				67410C1319592E31000AEAC7 /* 12.png in Resources */,
				67410C0E19592E31000AEAC7 /* 一战到底亮.png in Resources */,
				67410C0319592E31000AEAC7 /* 表右边.png in Resources */,
				67410C1119592E31000AEAC7 /* 10.png in Resources */,
				67410C0219592E31000AEAC7 /* 答错@2x.png in Resources */,
				67410BB619592D85000AEAC7 /* Main.storyboard in Resources */,
				67410C0F19592E31000AEAC7 /* 一战到底暗.png in Resources */,
				67410C0419592E31000AEAC7 /* 表右边@2x.png in Resources */,
				67410C1B19592E31000AEAC7 /* 9.png in Resources */,
				67410C1D19592E31000AEAC7 /* Loadingold.png in Resources */,
				67410C0019592E31000AEAC7 /* 战报背景@2x.png in Resources */,
				67410C2219592E31000AEAC7 /* 第2季@2x.png in Resources */,
				67410BB819592D85000AEAC7 /* Images.xcassets in Resources */,
				67410C0119592E31000AEAC7 /* 答对@2x.png in Resources */,
				67410C0819592E31000AEAC7 /* mainBackGroud.png in Resources */,
				67410C1F19592E31000AEAC7 /* suo_ding.png in Resources */,
				67410BFF19592E31000AEAC7 /* 平时状态点中@2x.png in Resources */,
				67410C1819592E31000AEAC7 /* 6.png in Resources */,
				67410BFE19592E31000AEAC7 /* 平时状态@2x.png in Resources */,
				67410C1919592E31000AEAC7 /* 7.png in Resources */,
				67410C0519592E31000AEAC7 /* 表左边.png in Resources */,
				67410C1419592E31000AEAC7 /* 2.png in Resources */,
				67410BFC19592E31000AEAC7 /* 对战头像.png in Resources */,
				67410C2419592E31000AEAC7 /* 第4季@2x.png in Resources */,
				67410C2119592E31000AEAC7 /* 第1季@2x.png in Resources */,
				67235E56197A08240080074F /* myicon.png in Resources */,
				67410C2019592E31000AEAC7 /* suo_kai.png in Resources */,
				67410C1219592E31000AEAC7 /* 11.png in Resources */,
				67410C0C19592E31000AEAC7 /* tiku.png in Resources */,
				67410C1C19592E31000AEAC7 /* left_arrow.png in Resources */,
				67410C1519592E31000AEAC7 /* 3.png in Resources */,
				67410C2819592E31000AEAC7 /* 月份背景.jpg in Resources */,
				67410C2519592E31000AEAC7 /* 第5季@2x.png in Resources */,
				67410C1619592E31000AEAC7 /* 4.png in Resources */,
				67410C2319592E31000AEAC7 /* 第3季@2x.png in Resources */,
				67410C1719592E31000AEAC7 /* 5.png in Resources */,
				67410C0D19592E31000AEAC7 /* tiku_light.png in Resources */,
				67410C2619592E31000AEAC7 /* 第6季@2x.png in Resources */,
				67410C0B19592E31000AEAC7 /* shop_light.png in Resources */,
				67235E58197A082D0080074F /* loading.png in Resources */,
				67410C0A19592E31000AEAC7 /* shop.png in Resources */,
				67410BFD19592E31000AEAC7 /* 对战背景05@2x.png in Resources */,
				67410C1E19592E31000AEAC7 /* right_arrow.png in Resources */,
				67410C0619592E31000AEAC7 /* 表左边@2x.png in Resources */,
				67410C1019592E31000AEAC7 /* 1.png in Resources */,
				67410C2719592E31000AEAC7 /* 更新标记@2x.png in Resources */,
				67410C0719592E31000AEAC7 /* 表横条.png in Resources */,
				67410C0919592E31000AEAC7 /* mainTag.png in Resources */,
			);
			runOnlyForDeploymentPostprocessing = 0;
		};
		67410BBB19592D85000AEAC7 /* Resources */ = {
			isa = PBXResourcesBuildPhase;
			buildActionMask = 2147483647;
			files = (
			);
			runOnlyForDeploymentPostprocessing = 0;
		};
/* End PBXResourcesBuildPhase section */

/* Begin PBXSourcesBuildPhase section */
		67410BA719592D84000AEAC7 /* Sources */ = {
			isa = PBXSourcesBuildPhase;
			buildActionMask = 2147483647;
			files = (
				67410C32195BBF2E000AEAC7 /* ResultViewController.swift in Sources */,
				67410C3019593FF0000AEAC7 /* AnswerViewController.swift in Sources */,
				67410BB319592D84000AEAC7 /* ViewController.swift in Sources */,
				67410BB119592D84000AEAC7 /* AppDelegate.swift in Sources */,
				67410C2C19593EAB000AEAC7 /* ChooseViewController.swift in Sources */,
			);
			runOnlyForDeploymentPostprocessing = 0;
		};
		67410BB919592D85000AEAC7 /* Sources */ = {
			isa = PBXSourcesBuildPhase;
			buildActionMask = 2147483647;
			files = (
				67410BC419592D85000AEAC7 /* warworldTests.swift in Sources */,
			);
			runOnlyForDeploymentPostprocessing = 0;
		};
/* End PBXSourcesBuildPhase section */

/* Begin PBXTargetDependency section */
		67410BBF19592D85000AEAC7 /* PBXTargetDependency */ = {
			isa = PBXTargetDependency;
			target = 67410BAA19592D84000AEAC7 /* warworld */;
			targetProxy = 67410BBE19592D85000AEAC7 /* PBXContainerItemProxy */;
		};
/* End PBXTargetDependency section */

/* Begin PBXVariantGroup section */
		67410BB419592D85000AEAC7 /* Main.storyboard */ = {
			isa = PBXVariantGroup;
			children = (
				67410BB519592D85000AEAC7 /* Base */,
			);
			name = Main.storyboard;
			sourceTree = "<group>";
		};
/* End PBXVariantGroup section */

/* Begin XCBuildConfiguration section */
		67410BC519592D85000AEAC7 /* Debug */ = {
			isa = XCBuildConfiguration;
			buildSettings = {
				ALWAYS_SEARCH_USER_PATHS = NO;
				CLANG_CXX_LANGUAGE_STANDARD = "gnu++0x";
				CLANG_CXX_LIBRARY = "libc++";
				CLANG_ENABLE_MODULES = YES;
				CLANG_ENABLE_OBJC_ARC = YES;
				CLANG_WARN_BOOL_CONVERSION = YES;
				CLANG_WARN_CONSTANT_CONVERSION = YES;
				CLANG_WARN_DIRECT_OBJC_ISA_USAGE = YES_ERROR;
				CLANG_WARN_EMPTY_BODY = YES;
				CLANG_WARN_ENUM_CONVERSION = YES;
				CLANG_WARN_INT_CONVERSION = YES;
				CLANG_WARN_OBJC_ROOT_CLASS = YES_ERROR;
				CLANG_WARN_UNREACHABLE_CODE = YES;
				CLANG_WARN__DUPLICATE_METHOD_MATCH = YES;
				"CODE_SIGN_IDENTITY[sdk=iphoneos*]" = "iPhone Developer";
				COPY_PHASE_STRIP = NO;
				ENABLE_STRICT_OBJC_MSGSEND = YES;
				ENABLE_TESTABILITY = YES;
				GCC_C_LANGUAGE_STANDARD = gnu99;
				GCC_DYNAMIC_NO_PIC = NO;
				GCC_OPTIMIZATION_LEVEL = 0;
				GCC_PREPROCESSOR_DEFINITIONS = (
					"DEBUG=1",
					"$(inherited)",
				);
				GCC_SYMBOLS_PRIVATE_EXTERN = NO;
				GCC_WARN_64_TO_32_BIT_CONVERSION = YES;
				GCC_WARN_ABOUT_RETURN_TYPE = YES_ERROR;
				GCC_WARN_UNDECLARED_SELECTOR = YES;
				GCC_WARN_UNINITIALIZED_AUTOS = YES_AGGRESSIVE;
				GCC_WARN_UNUSED_FUNCTION = YES;
				GCC_WARN_UNUSED_VARIABLE = YES;
				IPHONEOS_DEPLOYMENT_TARGET = 8.0;
				METAL_ENABLE_DEBUG_INFO = YES;
				ONLY_ACTIVE_ARCH = YES;
				SDKROOT = iphoneos;
				SWIFT_OPTIMIZATION_LEVEL = "-Onone";
			};
			name = Debug;
		};
		67410BC619592D85000AEAC7 /* Release */ = {
			isa = XCBuildConfiguration;
			buildSettings = {
				ALWAYS_SEARCH_USER_PATHS = NO;
				CLANG_CXX_LANGUAGE_STANDARD = "gnu++0x";
				CLANG_CXX_LIBRARY = "libc++";
				CLANG_ENABLE_MODULES = YES;
				CLANG_ENABLE_OBJC_ARC = YES;
				CLANG_WARN_BOOL_CONVERSION = YES;
				CLANG_WARN_CONSTANT_CONVERSION = YES;
				CLANG_WARN_DIRECT_OBJC_ISA_USAGE = YES_ERROR;
				CLANG_WARN_EMPTY_BODY = YES;
				CLANG_WARN_ENUM_CONVERSION = YES;
				CLANG_WARN_INT_CONVERSION = YES;
				CLANG_WARN_OBJC_ROOT_CLASS = YES_ERROR;
				CLANG_WARN_UNREACHABLE_CODE = YES;
				CLANG_WARN__DUPLICATE_METHOD_MATCH = YES;
				"CODE_SIGN_IDENTITY[sdk=iphoneos*]" = "iPhone Developer";
				COPY_PHASE_STRIP = YES;
				ENABLE_NS_ASSERTIONS = NO;
				ENABLE_STRICT_OBJC_MSGSEND = YES;
				GCC_C_LANGUAGE_STANDARD = gnu99;
				GCC_WARN_64_TO_32_BIT_CONVERSION = YES;
				GCC_WARN_ABOUT_RETURN_TYPE = YES_ERROR;
				GCC_WARN_UNDECLARED_SELECTOR = YES;
				GCC_WARN_UNINITIALIZED_AUTOS = YES_AGGRESSIVE;
				GCC_WARN_UNUSED_FUNCTION = YES;
				GCC_WARN_UNUSED_VARIABLE = YES;
				IPHONEOS_DEPLOYMENT_TARGET = 8.0;
				METAL_ENABLE_DEBUG_INFO = NO;
				SDKROOT = iphoneos;
				VALIDATE_PRODUCT = YES;
			};
			name = Release;
		};
		67410BC819592D85000AEAC7 /* Debug */ = {
			isa = XCBuildConfiguration;
			buildSettings = {
				ASSETCATALOG_COMPILER_APPICON_NAME = AppIcon;
				ASSETCATALOG_COMPILER_LAUNCHIMAGE_NAME = LaunchImage;
				INFOPLIST_FILE = warworld/Info.plist;
				LD_RUNPATH_SEARCH_PATHS = "$(inherited) @executable_path/Frameworks";
				PRODUCT_BUNDLE_IDENTIFIER = "weibo.com-jamszhy.${PRODUCT_NAME:rfc1034identifier}";
				PRODUCT_NAME = "$(TARGET_NAME)";
				TARGETED_DEVICE_FAMILY = 1;
			};
			name = Debug;
		};
		67410BC919592D85000AEAC7 /* Release */ = {
			isa = XCBuildConfiguration;
			buildSettings = {
				ASSETCATALOG_COMPILER_APPICON_NAME = AppIcon;
				ASSETCATALOG_COMPILER_LAUNCHIMAGE_NAME = LaunchImage;
				INFOPLIST_FILE = warworld/Info.plist;
				LD_RUNPATH_SEARCH_PATHS = "$(inherited) @executable_path/Frameworks";
				PRODUCT_BUNDLE_IDENTIFIER = "weibo.com-jamszhy.${PRODUCT_NAME:rfc1034identifier}";
				PRODUCT_NAME = "$(TARGET_NAME)";
				TARGETED_DEVICE_FAMILY = 1;
			};
			name = Release;
		};
		67410BCB19592D85000AEAC7 /* Debug */ = {
			isa = XCBuildConfiguration;
			buildSettings = {
				BUNDLE_LOADER = "$(BUILT_PRODUCTS_DIR)/warworld.app/warworld";
				FRAMEWORK_SEARCH_PATHS = (
					"$(SDKROOT)/Developer/Library/Frameworks",
					"$(inherited)",
				);
				GCC_PREPROCESSOR_DEFINITIONS = (
					"DEBUG=1",
					"$(inherited)",
				);
				INFOPLIST_FILE = warworldTests/Info.plist;
				LD_RUNPATH_SEARCH_PATHS = "$(inherited) @executable_path/Frameworks @loader_path/Frameworks";
				METAL_ENABLE_DEBUG_INFO = YES;
				PRODUCT_BUNDLE_IDENTIFIER = "weibo.com-jamszhy.${PRODUCT_NAME:rfc1034identifier}";
				PRODUCT_NAME = "$(TARGET_NAME)";
				TEST_HOST = "$(BUNDLE_LOADER)";
			};
			name = Debug;
		};
		67410BCC19592D85000AEAC7 /* Release */ = {
			isa = XCBuildConfiguration;
			buildSettings = {
				BUNDLE_LOADER = "$(BUILT_PRODUCTS_DIR)/warworld.app/warworld";
				FRAMEWORK_SEARCH_PATHS = (
					"$(SDKROOT)/Developer/Library/Frameworks",
					"$(inherited)",
				);
				INFOPLIST_FILE = warworldTests/Info.plist;
				LD_RUNPATH_SEARCH_PATHS = "$(inherited) @executable_path/Frameworks @loader_path/Frameworks";
				METAL_ENABLE_DEBUG_INFO = NO;
				PRODUCT_BUNDLE_IDENTIFIER = "weibo.com-jamszhy.${PRODUCT_NAME:rfc1034identifier}";
				PRODUCT_NAME = "$(TARGET_NAME)";
				TEST_HOST = "$(BUNDLE_LOADER)";
			};
			name = Release;
		};
/* End XCBuildConfiguration section */

/* Begin XCConfigurationList section */
		67410BA619592D84000AEAC7 /* Build configuration list for PBXProject "warworld" */ = {
			isa = XCConfigurationList;
			buildConfigurations = (
				67410BC519592D85000AEAC7 /* Debug */,
				67410BC619592D85000AEAC7 /* Release */,
			);
			defaultConfigurationIsVisible = 0;
			defaultConfigurationName = Release;
		};
		67410BC719592D85000AEAC7 /* Build configuration list for PBXNativeTarget "warworld" */ = {
			isa = XCConfigurationList;
			buildConfigurations = (
				67410BC819592D85000AEAC7 /* Debug */,
				67410BC919592D85000AEAC7 /* Release */,
			);
			defaultConfigurationIsVisible = 0;
			defaultConfigurationName = Release;
		};
		67410BCA19592D85000AEAC7 /* Build configuration list for PBXNativeTarget "warworldTests" */ = {
			isa = XCConfigurationList;
			buildConfigurations = (
				67410BCB19592D85000AEAC7 /* Debug */,
				67410BCC19592D85000AEAC7 /* Release */,
			);
			defaultConfigurationIsVisible = 0;
			defaultConfigurationName = Release;
		};
/* End XCConfigurationList section */
	};
	rootObject = 67410BA319592D84000AEAC7 /* Project object */;
}
